// !$*UTF8*$!
{
	archiveVersion = 1;
	classes = {
	};
	objectVersion = 46;
	objects = {

/* Begin PBXBuildFile section */
		DE2B23601730BC07006233FC /* MapToDetailSegue.m in Sources */ = {isa = PBXBuildFile; fileRef = DE2B235F1730BC07006233FC /* MapToDetailSegue.m */; };
		DE4509D0173B498F000FC8B9 /* locations.json in Resources */ = {isa = PBXBuildFile; fileRef = DE4509CF173B498F000FC8B9 /* locations.json */; };
		DE6B7134172220F300E53A23 /* UIKit.framework in Frameworks */ = {isa = PBXBuildFile; fileRef = DE6B7133172220F200E53A23 /* UIKit.framework */; };
		DE6B7136172220F300E53A23 /* Foundation.framework in Frameworks */ = {isa = PBXBuildFile; fileRef = DE6B7135172220F300E53A23 /* Foundation.framework */; };
		DE6B7138172220F300E53A23 /* CoreGraphics.framework in Frameworks */ = {isa = PBXBuildFile; fileRef = DE6B7137172220F300E53A23 /* CoreGraphics.framework */; };
		DE6B713E172220F300E53A23 /* InfoPlist.strings in Resources */ = {isa = PBXBuildFile; fileRef = DE6B713C172220F300E53A23 /* InfoPlist.strings */; };
		DE6B7140172220F300E53A23 /* main.m in Sources */ = {isa = PBXBuildFile; fileRef = DE6B713F172220F300E53A23 /* main.m */; };
		DE6B7144172220F300E53A23 /* AppDelegate.m in Sources */ = {isa = PBXBuildFile; fileRef = DE6B7143172220F300E53A23 /* AppDelegate.m */; };
		DE6B7146172220F300E53A23 /* Default.png in Resources */ = {isa = PBXBuildFile; fileRef = DE6B7145172220F300E53A23 /* Default.png */; };
		DE6B7148172220F300E53A23 /* Default@2x.png in Resources */ = {isa = PBXBuildFile; fileRef = DE6B7147172220F300E53A23 /* Default@2x.png */; };
		DE6B714A172220F300E53A23 /* Default-568h@2x.png in Resources */ = {isa = PBXBuildFile; fileRef = DE6B7149172220F300E53A23 /* Default-568h@2x.png */; };
		DE6B714D172220F300E53A23 /* MainStoryboard.storyboard in Resources */ = {isa = PBXBuildFile; fileRef = DE6B714B172220F300E53A23 /* MainStoryboard.storyboard */; };
		DE6B7150172220F300E53A23 /* MapViewController.m in Sources */ = {isa = PBXBuildFile; fileRef = DE6B714F172220F300E53A23 /* MapViewController.m */; };
		DE6B7152172220F300E53A23 /* first.png in Resources */ = {isa = PBXBuildFile; fileRef = DE6B7151172220F300E53A23 /* first.png */; };
		DE6B7154172220F300E53A23 /* first@2x.png in Resources */ = {isa = PBXBuildFile; fileRef = DE6B7153172220F300E53A23 /* first@2x.png */; };
		DE6B7157172220F300E53A23 /* TableViewController.m in Sources */ = {isa = PBXBuildFile; fileRef = DE6B7156172220F300E53A23 /* TableViewController.m */; };
		DE6B7159172220F300E53A23 /* second.png in Resources */ = {isa = PBXBuildFile; fileRef = DE6B7158172220F300E53A23 /* second.png */; };
		DE6B715B172220F300E53A23 /* second@2x.png in Resources */ = {isa = PBXBuildFile; fileRef = DE6B715A172220F300E53A23 /* second@2x.png */; };
		DE6B7163172220F300E53A23 /* SenTestingKit.framework in Frameworks */ = {isa = PBXBuildFile; fileRef = DE6B7162172220F300E53A23 /* SenTestingKit.framework */; };
		DE6B7164172220F300E53A23 /* UIKit.framework in Frameworks */ = {isa = PBXBuildFile; fileRef = DE6B7133172220F200E53A23 /* UIKit.framework */; };
		DE6B7165172220F300E53A23 /* Foundation.framework in Frameworks */ = {isa = PBXBuildFile; fileRef = DE6B7135172220F300E53A23 /* Foundation.framework */; };
		DE6B716D172220F300E53A23 /* InfoPlist.strings in Resources */ = {isa = PBXBuildFile; fileRef = DE6B716B172220F300E53A23 /* InfoPlist.strings */; };
		DE6B7170172220F300E53A23 /* SFPlacesTests.m in Sources */ = {isa = PBXBuildFile; fileRef = DE6B716F172220F300E53A23 /* SFPlacesTests.m */; };
		DE99A6C81730AE500016854E /* DetailViewController.m in Sources */ = {isa = PBXBuildFile; fileRef = DE99A6C71730AE500016854E /* DetailViewController.m */; };
		DEA6DF741727D669007FBE0F /* AnnotationView.m in Sources */ = {isa = PBXBuildFile; fileRef = DEA6DF731727D669007FBE0F /* AnnotationView.m */; };
		DEA6DF771728914F007FBE0F /* MapAnnotation.m in Sources */ = {isa = PBXBuildFile; fileRef = DEA6DF761728914F007FBE0F /* MapAnnotation.m */; };
		DEA6DF78172891B7007FBE0F /* MapKit.framework in Frameworks */ = {isa = PBXBuildFile; fileRef = DEAF30AE172756ED000EBC60 /* MapKit.framework */; };
		DEAF30AF172756ED000EBC60 /* MapKit.framework in Frameworks */ = {isa = PBXBuildFile; fileRef = DEAF30AE172756ED000EBC60 /* MapKit.framework */; };
		DEAF30B1172756F7000EBC60 /* CoreLocation.framework in Frameworks */ = {isa = PBXBuildFile; fileRef = DEAF30B0172756F7000EBC60 /* CoreLocation.framework */; };
		DEE9A03C17484DEF004F7AEC /* Cable Car Barn.png in Resources */ = {isa = PBXBuildFile; fileRef = DEE9A03517484DEF004F7AEC /* Cable Car Barn.png */; };
		DEE9A03D17484DEF004F7AEC /* City Lights Books.png in Resources */ = {isa = PBXBuildFile; fileRef = DEE9A03617484DEF004F7AEC /* City Lights Books.png */; };
		DEE9A03E17484DEF004F7AEC /* Clarion Alley.png in Resources */ = {isa = PBXBuildFile; fileRef = DEE9A03717484DEF004F7AEC /* Clarion Alley.png */; };
		DEE9A03F17484DEF004F7AEC /* Osama Bin Laden's Condo.png in Resources */ = {isa = PBXBuildFile; fileRef = DEE9A03817484DEF004F7AEC /* Osama Bin Laden's Condo.png */; };
		DEE9A04017484DEF004F7AEC /* readme in Resources */ = {isa = PBXBuildFile; fileRef = DEE9A03917484DEF004F7AEC /* readme */; };
		DEE9A04117484DEF004F7AEC /* Sutro Baths.png in Resources */ = {isa = PBXBuildFile; fileRef = DEE9A03A17484DEF004F7AEC /* Sutro Baths.png */; };
		DEE9A04217484DEF004F7AEC /* Tommy's Joynt.png in Resources */ = {isa = PBXBuildFile; fileRef = DEE9A03B17484DEF004F7AEC /* Tommy's Joynt.png */; };
/* End PBXBuildFile section */

/* Begin PBXContainerItemProxy section */
		DE6B7166172220F300E53A23 /* PBXContainerItemProxy */ = {
			isa = PBXContainerItemProxy;
			containerPortal = DE6B7128172220F200E53A23 /* Project object */;
			proxyType = 1;
			remoteGlobalIDString = DE6B712F172220F200E53A23;
			remoteInfo = SFPlaces;
		};
/* End PBXContainerItemProxy section */

/* Begin PBXFileReference section */
		DE2B235E1730BC07006233FC /* MapToDetailSegue.h */ = {isa = PBXFileReference; fileEncoding = 4; lastKnownFileType = sourcecode.c.h; path = MapToDetailSegue.h; sourceTree = "<group>"; };
		DE2B235F1730BC07006233FC /* MapToDetailSegue.m */ = {isa = PBXFileReference; fileEncoding = 4; lastKnownFileType = sourcecode.c.objc; path = MapToDetailSegue.m; sourceTree = "<group>"; };
		DE4509CF173B498F000FC8B9 /* locations.json */ = {isa = PBXFileReference; fileEncoding = 4; lastKnownFileType = text.json; path = locations.json; sourceTree = SOURCE_ROOT; };
		DE6B7130172220F200E53A23 /* SFPlaces.app */ = {isa = PBXFileReference; explicitFileType = wrapper.application; includeInIndex = 0; path = SFPlaces.app; sourceTree = BUILT_PRODUCTS_DIR; };
		DE6B7133172220F200E53A23 /* UIKit.framework */ = {isa = PBXFileReference; lastKnownFileType = wrapper.framework; name = UIKit.framework; path = System/Library/Frameworks/UIKit.framework; sourceTree = SDKROOT; };
		DE6B7135172220F300E53A23 /* Foundation.framework */ = {isa = PBXFileReference; lastKnownFileType = wrapper.framework; name = Foundation.framework; path = System/Library/Frameworks/Foundation.framework; sourceTree = SDKROOT; };
		DE6B7137172220F300E53A23 /* CoreGraphics.framework */ = {isa = PBXFileReference; lastKnownFileType = wrapper.framework; name = CoreGraphics.framework; path = System/Library/Frameworks/CoreGraphics.framework; sourceTree = SDKROOT; };
		DE6B713B172220F300E53A23 /* SFPlaces-Info.plist */ = {isa = PBXFileReference; lastKnownFileType = text.plist.xml; path = "SFPlaces-Info.plist"; sourceTree = "<group>"; };
		DE6B713D172220F300E53A23 /* en */ = {isa = PBXFileReference; lastKnownFileType = text.plist.strings; name = en; path = en.lproj/InfoPlist.strings; sourceTree = "<group>"; };
		DE6B713F172220F300E53A23 /* main.m */ = {isa = PBXFileReference; lastKnownFileType = sourcecode.c.objc; path = main.m; sourceTree = "<group>"; };
		DE6B7141172220F300E53A23 /* SFPlaces-Prefix.pch */ = {isa = PBXFileReference; lastKnownFileType = sourcecode.c.h; path = "SFPlaces-Prefix.pch"; sourceTree = "<group>"; };
		DE6B7142172220F300E53A23 /* AppDelegate.h */ = {isa = PBXFileReference; lastKnownFileType = sourcecode.c.h; path = AppDelegate.h; sourceTree = "<group>"; };
		DE6B7143172220F300E53A23 /* AppDelegate.m */ = {isa = PBXFileReference; lastKnownFileType = sourcecode.c.objc; path = AppDelegate.m; sourceTree = "<group>"; };
		DE6B7145172220F300E53A23 /* Default.png */ = {isa = PBXFileReference; lastKnownFileType = image.png; path = Default.png; sourceTree = "<group>"; };
		DE6B7147172220F300E53A23 /* Default@2x.png */ = {isa = PBXFileReference; lastKnownFileType = image.png; path = "Default@2x.png"; sourceTree = "<group>"; };
		DE6B7149172220F300E53A23 /* Default-568h@2x.png */ = {isa = PBXFileReference; lastKnownFileType = image.png; path = "Default-568h@2x.png"; sourceTree = "<group>"; };
		DE6B714C172220F300E53A23 /* en */ = {isa = PBXFileReference; lastKnownFileType = file.storyboard; name = en; path = en.lproj/MainStoryboard.storyboard; sourceTree = "<group>"; };
		DE6B714E172220F300E53A23 /* MapViewController.h */ = {isa = PBXFileReference; lastKnownFileType = sourcecode.c.h; path = MapViewController.h; sourceTree = "<group>"; };
		DE6B714F172220F300E53A23 /* MapViewController.m */ = {isa = PBXFileReference; lastKnownFileType = sourcecode.c.objc; path = MapViewController.m; sourceTree = "<group>"; };
		DE6B7151172220F300E53A23 /* first.png */ = {isa = PBXFileReference; lastKnownFileType = image.png; path = first.png; sourceTree = "<group>"; };
		DE6B7153172220F300E53A23 /* first@2x.png */ = {isa = PBXFileReference; lastKnownFileType = image.png; path = "first@2x.png"; sourceTree = "<group>"; };
		DE6B7155172220F300E53A23 /* TableViewController.h */ = {isa = PBXFileReference; lastKnownFileType = sourcecode.c.h; path = TableViewController.h; sourceTree = "<group>"; };
		DE6B7156172220F300E53A23 /* TableViewController.m */ = {isa = PBXFileReference; lastKnownFileType = sourcecode.c.objc; path = TableViewController.m; sourceTree = "<group>"; };
		DE6B7158172220F300E53A23 /* second.png */ = {isa = PBXFileReference; lastKnownFileType = image.png; path = second.png; sourceTree = "<group>"; };
		DE6B715A172220F300E53A23 /* second@2x.png */ = {isa = PBXFileReference; lastKnownFileType = image.png; path = "second@2x.png"; sourceTree = "<group>"; };
		DE6B7161172220F300E53A23 /* SFPlacesTests.octest */ = {isa = PBXFileReference; explicitFileType = wrapper.cfbundle; includeInIndex = 0; path = SFPlacesTests.octest; sourceTree = BUILT_PRODUCTS_DIR; };
		DE6B7162172220F300E53A23 /* SenTestingKit.framework */ = {isa = PBXFileReference; lastKnownFileType = wrapper.framework; name = SenTestingKit.framework; path = Library/Frameworks/SenTestingKit.framework; sourceTree = DEVELOPER_DIR; };
		DE6B716A172220F300E53A23 /* SFPlacesTests-Info.plist */ = {isa = PBXFileReference; lastKnownFileType = text.plist.xml; path = "SFPlacesTests-Info.plist"; sourceTree = "<group>"; };
		DE6B716C172220F300E53A23 /* en */ = {isa = PBXFileReference; lastKnownFileType = text.plist.strings; name = en; path = en.lproj/InfoPlist.strings; sourceTree = "<group>"; };
		DE6B716E172220F300E53A23 /* SFPlacesTests.h */ = {isa = PBXFileReference; lastKnownFileType = sourcecode.c.h; path = SFPlacesTests.h; sourceTree = "<group>"; };
		DE6B716F172220F300E53A23 /* SFPlacesTests.m */ = {isa = PBXFileReference; lastKnownFileType = sourcecode.c.objc; path = SFPlacesTests.m; sourceTree = "<group>"; };
		DE99A6C61730AE500016854E /* DetailViewController.h */ = {isa = PBXFileReference; fileEncoding = 4; lastKnownFileType = sourcecode.c.h; path = DetailViewController.h; sourceTree = "<group>"; };
		DE99A6C71730AE500016854E /* DetailViewController.m */ = {isa = PBXFileReference; fileEncoding = 4; lastKnownFileType = sourcecode.c.objc; path = DetailViewController.m; sourceTree = "<group>"; };
		DEA6DF721727D669007FBE0F /* AnnotationView.h */ = {isa = PBXFileReference; fileEncoding = 4; lastKnownFileType = sourcecode.c.h; path = AnnotationView.h; sourceTree = "<group>"; };
		DEA6DF731727D669007FBE0F /* AnnotationView.m */ = {isa = PBXFileReference; fileEncoding = 4; lastKnownFileType = sourcecode.c.objc; path = AnnotationView.m; sourceTree = "<group>"; };
		DEA6DF751728914F007FBE0F /* MapAnnotation.h */ = {isa = PBXFileReference; fileEncoding = 4; lastKnownFileType = sourcecode.c.h; path = MapAnnotation.h; sourceTree = "<group>"; };
		DEA6DF761728914F007FBE0F /* MapAnnotation.m */ = {isa = PBXFileReference; fileEncoding = 4; lastKnownFileType = sourcecode.c.objc; path = MapAnnotation.m; sourceTree = "<group>"; };
		DEAF30AE172756ED000EBC60 /* MapKit.framework */ = {isa = PBXFileReference; lastKnownFileType = wrapper.framework; name = MapKit.framework; path = System/Library/Frameworks/MapKit.framework; sourceTree = SDKROOT; };
		DEAF30B0172756F7000EBC60 /* CoreLocation.framework */ = {isa = PBXFileReference; lastKnownFileType = wrapper.framework; name = CoreLocation.framework; path = System/Library/Frameworks/CoreLocation.framework; sourceTree = SDKROOT; };
		DEE9A03517484DEF004F7AEC /* Cable Car Barn.png */ = {isa = PBXFileReference; lastKnownFileType = image.png; path = "Cable Car Barn.png"; sourceTree = "<group>"; };
		DEE9A03617484DEF004F7AEC /* City Lights Books.png */ = {isa = PBXFileReference; lastKnownFileType = image.png; path = "City Lights Books.png"; sourceTree = "<group>"; };
		DEE9A03717484DEF004F7AEC /* Clarion Alley.png */ = {isa = PBXFileReference; lastKnownFileType = image.png; path = "Clarion Alley.png"; sourceTree = "<group>"; };
		DEE9A03817484DEF004F7AEC /* Osama Bin Laden's Condo.png */ = {isa = PBXFileReference; lastKnownFileType = image.png; path = "Osama Bin Laden's Condo.png"; sourceTree = "<group>"; };
		DEE9A03917484DEF004F7AEC /* readme */ = {isa = PBXFileReference; fileEncoding = 4; lastKnownFileType = text; path = readme; sourceTree = "<group>"; };
		DEE9A03A17484DEF004F7AEC /* Sutro Baths.png */ = {isa = PBXFileReference; lastKnownFileType = image.png; path = "Sutro Baths.png"; sourceTree = "<group>"; };
		DEE9A03B17484DEF004F7AEC /* Tommy's Joynt.png */ = {isa = PBXFileReference; lastKnownFileType = image.png; path = "Tommy's Joynt.png"; sourceTree = "<group>"; };
/* End PBXFileReference section */

/* Begin PBXFrameworksBuildPhase section */
		DE6B712D172220F200E53A23 /* Frameworks */ = {
			isa = PBXFrameworksBuildPhase;
			buildActionMask = 2147483647;
			files = (
				DEAF30B1172756F7000EBC60 /* CoreLocation.framework in Frameworks */,
				DEAF30AF172756ED000EBC60 /* MapKit.framework in Frameworks */,
				DE6B7134172220F300E53A23 /* UIKit.framework in Frameworks */,
				DE6B7136172220F300E53A23 /* Foundation.framework in Frameworks */,
				DE6B7138172220F300E53A23 /* CoreGraphics.framework in Frameworks */,
			);
			runOnlyForDeploymentPostprocessing = 0;
		};
		DE6B715D172220F300E53A23 /* Frameworks */ = {
			isa = PBXFrameworksBuildPhase;
			buildActionMask = 2147483647;
			files = (
				DEA6DF78172891B7007FBE0F /* MapKit.framework in Frameworks */,
				DE6B7163172220F300E53A23 /* SenTestingKit.framework in Frameworks */,
				DE6B7164172220F300E53A23 /* UIKit.framework in Frameworks */,
				DE6B7165172220F300E53A23 /* Foundation.framework in Frameworks */,
			);
			runOnlyForDeploymentPostprocessing = 0;
		};
/* End PBXFrameworksBuildPhase section */

/* Begin PBXGroup section */
		DE6B7127172220F200E53A23 = {
			isa = PBXGroup;
			children = (
				DE6B7139172220F300E53A23 /* SFPlaces */,
				DE6B7168172220F300E53A23 /* SFPlacesTests */,
				DE6B7132172220F200E53A23 /* Frameworks */,
				DE6B7131172220F200E53A23 /* Products */,
			);
			sourceTree = "<group>";
		};
		DE6B7131172220F200E53A23 /* Products */ = {
			isa = PBXGroup;
			children = (
				DE6B7130172220F200E53A23 /* SFPlaces.app */,
				DE6B7161172220F300E53A23 /* SFPlacesTests.octest */,
			);
			name = Products;
			sourceTree = "<group>";
		};
		DE6B7132172220F200E53A23 /* Frameworks */ = {
			isa = PBXGroup;
			children = (
				DEAF30B0172756F7000EBC60 /* CoreLocation.framework */,
				DEAF30AE172756ED000EBC60 /* MapKit.framework */,
				DE6B7133172220F200E53A23 /* UIKit.framework */,
				DE6B7135172220F300E53A23 /* Foundation.framework */,
				DE6B7137172220F300E53A23 /* CoreGraphics.framework */,
				DE6B7162172220F300E53A23 /* SenTestingKit.framework */,
			);
			name = Frameworks;
			sourceTree = "<group>";
		};
		DE6B7139172220F300E53A23 /* SFPlaces */ = {
			isa = PBXGroup;
			children = (
				DE6B7142172220F300E53A23 /* AppDelegate.h */,
				DE6B7143172220F300E53A23 /* AppDelegate.m */,
				DE6B714B172220F300E53A23 /* MainStoryboard.storyboard */,
				DE99A6C61730AE500016854E /* DetailViewController.h */,
				DE99A6C71730AE500016854E /* DetailViewController.m */,
				DE6B714E172220F300E53A23 /* MapViewController.h */,
				DE6B714F172220F300E53A23 /* MapViewController.m */,
				DE6B7155172220F300E53A23 /* TableViewController.h */,
				DE6B7156172220F300E53A23 /* TableViewController.m */,
				DE6B713A172220F300E53A23 /* Supporting Files */,
			);
			path = SFPlaces;
			sourceTree = "<group>";
		};
		DE6B713A172220F300E53A23 /* Supporting Files */ = {
			isa = PBXGroup;
			children = (
				DEE9A03417484DEF004F7AEC /* images */,
				DE4509CF173B498F000FC8B9 /* locations.json */,
				DE6B7151172220F300E53A23 /* first.png */,
				DE6B7153172220F300E53A23 /* first@2x.png */,
				DE6B7158172220F300E53A23 /* second.png */,
				DE6B715A172220F300E53A23 /* second@2x.png */,
				DE6B713B172220F300E53A23 /* SFPlaces-Info.plist */,
				DE6B713C172220F300E53A23 /* InfoPlist.strings */,
				DE6B713F172220F300E53A23 /* main.m */,
				DE6B7141172220F300E53A23 /* SFPlaces-Prefix.pch */,
				DE6B7145172220F300E53A23 /* Default.png */,
				DE6B7147172220F300E53A23 /* Default@2x.png */,
				DE6B7149172220F300E53A23 /* Default-568h@2x.png */,
				DEA6DF721727D669007FBE0F /* AnnotationView.h */,
				DEA6DF731727D669007FBE0F /* AnnotationView.m */,
				DEA6DF751728914F007FBE0F /* MapAnnotation.h */,
				DEA6DF761728914F007FBE0F /* MapAnnotation.m */,
				DE2B235E1730BC07006233FC /* MapToDetailSegue.h */,
				DE2B235F1730BC07006233FC /* MapToDetailSegue.m */,
			);
			name = "Supporting Files";
			sourceTree = "<group>";
		};
		DE6B7168172220F300E53A23 /* SFPlacesTests */ = {
			isa = PBXGroup;
			children = (
				DE6B716E172220F300E53A23 /* SFPlacesTests.h */,
				DE6B716F172220F300E53A23 /* SFPlacesTests.m */,
				DE6B7169172220F300E53A23 /* Supporting Files */,
			);
			path = SFPlacesTests;
			sourceTree = "<group>";
		};
		DE6B7169172220F300E53A23 /* Supporting Files */ = {
			isa = PBXGroup;
			children = (
				DE6B716A172220F300E53A23 /* SFPlacesTests-Info.plist */,
				DE6B716B172220F300E53A23 /* InfoPlist.strings */,
			);
			name = "Supporting Files";
			sourceTree = "<group>";
		};
		DEE9A03417484DEF004F7AEC /* images */ = {
			isa = PBXGroup;
			children = (
				DEE9A03517484DEF004F7AEC /* Cable Car Barn.png */,
				DEE9A03617484DEF004F7AEC /* City Lights Books.png */,
				DEE9A03717484DEF004F7AEC /* Clarion Alley.png */,
				DEE9A03817484DEF004F7AEC /* Osama Bin Laden's Condo.png */,
				DEE9A03917484DEF004F7AEC /* readme */,
				DEE9A03A17484DEF004F7AEC /* Sutro Baths.png */,
				DEE9A03B17484DEF004F7AEC /* Tommy's Joynt.png */,
			);
			path = images;
			sourceTree = SOURCE_ROOT;
		};
/* End PBXGroup section */

/* Begin PBXNativeTarget section */
		DE6B712F172220F200E53A23 /* SFPlaces */ = {
			isa = PBXNativeTarget;
			buildConfigurationList = DE6B7173172220F300E53A23 /* Build configuration list for PBXNativeTarget "SFPlaces" */;
			buildPhases = (
				DE6B712C172220F200E53A23 /* Sources */,
				DE6B712D172220F200E53A23 /* Frameworks */,
				DE6B712E172220F200E53A23 /* Resources */,
			);
			buildRules = (
			);
			dependencies = (
			);
			name = SFPlaces;
			productName = SFPlaces;
			productReference = DE6B7130172220F200E53A23 /* SFPlaces.app */;
			productType = "com.apple.product-type.application";
		};
		DE6B7160172220F300E53A23 /* SFPlacesTests */ = {
			isa = PBXNativeTarget;
			buildConfigurationList = DE6B7176172220F300E53A23 /* Build configuration list for PBXNativeTarget "SFPlacesTests" */;
			buildPhases = (
				DE6B715C172220F300E53A23 /* Sources */,
				DE6B715D172220F300E53A23 /* Frameworks */,
				DE6B715E172220F300E53A23 /* Resources */,
				DE6B715F172220F300E53A23 /* ShellScript */,
			);
			buildRules = (
			);
			dependencies = (
				DE6B7167172220F300E53A23 /* PBXTargetDependency */,
			);
			name = SFPlacesTests;
			productName = SFPlacesTests;
			productReference = DE6B7161172220F300E53A23 /* SFPlacesTests.octest */;
			productType = "com.apple.product-type.bundle";
		};
/* End PBXNativeTarget section */

/* Begin PBXProject section */
		DE6B7128172220F200E53A23 /* Project object */ = {
			isa = PBXProject;
			attributes = {
				LastUpgradeCheck = 0460;
				ORGANIZATIONNAME = "Ralph Samuel";
			};
			buildConfigurationList = DE6B712B172220F200E53A23 /* Build configuration list for PBXProject "SFPlaces" */;
			compatibilityVersion = "Xcode 3.2";
			developmentRegion = English;
			hasScannedForEncodings = 0;
			knownRegions = (
				en,
			);
			mainGroup = DE6B7127172220F200E53A23;
			productRefGroup = DE6B7131172220F200E53A23 /* Products */;
			projectDirPath = "";
			projectRoot = "";
			targets = (
				DE6B712F172220F200E53A23 /* SFPlaces */,
				DE6B7160172220F300E53A23 /* SFPlacesTests */,
			);
		};
/* End PBXProject section */

/* Begin PBXResourcesBuildPhase section */
		DE6B712E172220F200E53A23 /* Resources */ = {
			isa = PBXResourcesBuildPhase;
			buildActionMask = 2147483647;
			files = (
				DE6B713E172220F300E53A23 /* InfoPlist.strings in Resources */,
				DE6B7146172220F300E53A23 /* Default.png in Resources */,
				DE6B7148172220F300E53A23 /* Default@2x.png in Resources */,
				DE6B714A172220F300E53A23 /* Default-568h@2x.png in Resources */,
				DE6B714D172220F300E53A23 /* MainStoryboard.storyboard in Resources */,
				DE6B7152172220F300E53A23 /* first.png in Resources */,
				DE6B7154172220F300E53A23 /* first@2x.png in Resources */,
				DE6B7159172220F300E53A23 /* second.png in Resources */,
				DE6B715B172220F300E53A23 /* second@2x.png in Resources */,
				DE4509D0173B498F000FC8B9 /* locations.json in Resources */,
				DEE9A03C17484DEF004F7AEC /* Cable Car Barn.png in Resources */,
				DEE9A03D17484DEF004F7AEC /* City Lights Books.png in Resources */,
				DEE9A03E17484DEF004F7AEC /* Clarion Alley.png in Resources */,
				DEE9A03F17484DEF004F7AEC /* Osama Bin Laden's Condo.png in Resources */,
				DEE9A04017484DEF004F7AEC /* readme in Resources */,
				DEE9A04117484DEF004F7AEC /* Sutro Baths.png in Resources */,
				DEE9A04217484DEF004F7AEC /* Tommy's Joynt.png in Resources */,
			);
			runOnlyForDeploymentPostprocessing = 0;
		};
		DE6B715E172220F300E53A23 /* Resources */ = {
			isa = PBXResourcesBuildPhase;
			buildActionMask = 2147483647;
			files = (
				DE6B716D172220F300E53A23 /* InfoPlist.strings in Resources */,
			);
			runOnlyForDeploymentPostprocessing = 0;
		};
/* End PBXResourcesBuildPhase section */

/* Begin PBXShellScriptBuildPhase section */
		DE6B715F172220F300E53A23 /* ShellScript */ = {
			isa = PBXShellScriptBuildPhase;
			buildActionMask = 2147483647;
			files = (
			);
			inputPaths = (
			);
			outputPaths = (
			);
			runOnlyForDeploymentPostprocessing = 0;
			shellPath = /bin/sh;
			shellScript = "# Run the unit tests in this test bundle.\n\"${SYSTEM_DEVELOPER_DIR}/Tools/RunUnitTests\"\n";
		};
/* End PBXShellScriptBuildPhase section */

/* Begin PBXSourcesBuildPhase section */
		DE6B712C172220F200E53A23 /* Sources */ = {
			isa = PBXSourcesBuildPhase;
			buildActionMask = 2147483647;
			files = (
				DE6B7140172220F300E53A23 /* main.m in Sources */,
				DE6B7144172220F300E53A23 /* AppDelegate.m in Sources */,
				DE6B7150172220F300E53A23 /* MapViewController.m in Sources */,
				DE6B7157172220F300E53A23 /* TableViewController.m in Sources */,
				DEA6DF741727D669007FBE0F /* AnnotationView.m in Sources */,
				DEA6DF771728914F007FBE0F /* MapAnnotation.m in Sources */,
				DE99A6C81730AE500016854E /* DetailViewController.m in Sources */,
				DE2B23601730BC07006233FC /* MapToDetailSegue.m in Sources */,
			);
			runOnlyForDeploymentPostprocessing = 0;
		};
		DE6B715C172220F300E53A23 /* Sources */ = {
			isa = PBXSourcesBuildPhase;
			buildActionMask = 2147483647;
			files = (
				DE6B7170172220F300E53A23 /* SFPlacesTests.m in Sources */,
			);
			runOnlyForDeploymentPostprocessing = 0;
		};
/* End PBXSourcesBuildPhase section */

/* Begin PBXTargetDependency section */
		DE6B7167172220F300E53A23 /* PBXTargetDependency */ = {
			isa = PBXTargetDependency;
			target = DE6B712F172220F200E53A23 /* SFPlaces */;
			targetProxy = DE6B7166172220F300E53A23 /* PBXContainerItemProxy */;
		};
/* End PBXTargetDependency section */

/* Begin PBXVariantGroup section */
		DE6B713C172220F300E53A23 /* InfoPlist.strings */ = {
			isa = PBXVariantGroup;
			children = (
				DE6B713D172220F300E53A23 /* en */,
			);
			name = InfoPlist.strings;
			sourceTree = "<group>";
		};
		DE6B714B172220F300E53A23 /* MainStoryboard.storyboard */ = {
			isa = PBXVariantGroup;
			children = (
				DE6B714C172220F300E53A23 /* en */,
			);
			name = MainStoryboard.storyboard;
			sourceTree = "<group>";
		};
		DE6B716B172220F300E53A23 /* InfoPlist.strings */ = {
			isa = PBXVariantGroup;
			children = (
				DE6B716C172220F300E53A23 /* en */,
			);
			name = InfoPlist.strings;
			sourceTree = "<group>";
		};
/* End PBXVariantGroup section */

/* Begin XCBuildConfiguration section */
		DE6B7171172220F300E53A23 /* Debug */ = {
			isa = XCBuildConfiguration;
			buildSettings = {
				ALWAYS_SEARCH_USER_PATHS = NO;
				CLANG_CXX_LANGUAGE_STANDARD = "gnu++0x";
				CLANG_CXX_LIBRARY = "libc++";
				CLANG_ENABLE_OBJC_ARC = YES;
				CLANG_WARN_CONSTANT_CONVERSION = YES;
				CLANG_WARN_EMPTY_BODY = YES;
				CLANG_WARN_ENUM_CONVERSION = YES;
				CLANG_WARN_INT_CONVERSION = YES;
				CLANG_WARN__DUPLICATE_METHOD_MATCH = YES;
				"CODE_SIGN_IDENTITY[sdk=iphoneos*]" = "iPhone Developer";
				COPY_PHASE_STRIP = NO;
				GCC_C_LANGUAGE_STANDARD = gnu99;
				GCC_DYNAMIC_NO_PIC = NO;
				GCC_OPTIMIZATION_LEVEL = 0;
				GCC_PREPROCESSOR_DEFINITIONS = (
					"DEBUG=1",
					"$(inherited)",
				);
				GCC_SYMBOLS_PRIVATE_EXTERN = NO;
				GCC_WARN_ABOUT_RETURN_TYPE = YES;
				GCC_WARN_UNINITIALIZED_AUTOS = YES;
				GCC_WARN_UNUSED_VARIABLE = YES;
				IPHONEOS_DEPLOYMENT_TARGET = 6.1;
				ONLY_ACTIVE_ARCH = YES;
				SDKROOT = iphoneos;
			};
			name = Debug;
		};
		DE6B7172172220F300E53A23 /* Release */ = {
			isa = XCBuildConfiguration;
			buildSettings = {
				ALWAYS_SEARCH_USER_PATHS = NO;
				CLANG_CXX_LANGUAGE_STANDARD = "gnu++0x";
				CLANG_CXX_LIBRARY = "libc++";
				CLANG_ENABLE_OBJC_ARC = YES;
				CLANG_WARN_CONSTANT_CONVERSION = YES;
				CLANG_WARN_EMPTY_BODY = YES;
				CLANG_WARN_ENUM_CONVERSION = YES;
				CLANG_WARN_INT_CONVERSION = YES;
				CLANG_WARN__DUPLICATE_METHOD_MATCH = YES;
				"CODE_SIGN_IDENTITY[sdk=iphoneos*]" = "iPhone Developer";
				COPY_PHASE_STRIP = YES;
				GCC_C_LANGUAGE_STANDARD = gnu99;
				GCC_WARN_ABOUT_RETURN_TYPE = YES;
				GCC_WARN_UNINITIALIZED_AUTOS = YES;
				GCC_WARN_UNUSED_VARIABLE = YES;
				IPHONEOS_DEPLOYMENT_TARGET = 6.1;
				OTHER_CFLAGS = "-DNS_BLOCK_ASSERTIONS=1";
				SDKROOT = iphoneos;
				VALIDATE_PRODUCT = YES;
			};
			name = Release;
		};
		DE6B7174172220F300E53A23 /* Debug */ = {
			isa = XCBuildConfiguration;
			buildSettings = {
				GCC_PRECOMPILE_PREFIX_HEADER = YES;
				GCC_PREFIX_HEADER = "SFPlaces/SFPlaces-Prefix.pch";
				INFOPLIST_FILE = "SFPlaces/SFPlaces-Info.plist";
				PRODUCT_NAME = "$(TARGET_NAME)";
				WRAPPER_EXTENSION = app;
			};
			name = Debug;
		};
		DE6B7175172220F300E53A23 /* Release */ = {
			isa = XCBuildConfiguration;
			buildSettings = {
				GCC_PRECOMPILE_PREFIX_HEADER = YES;
				GCC_PREFIX_HEADER = "SFPlaces/SFPlaces-Prefix.pch";
				INFOPLIST_FILE = "SFPlaces/SFPlaces-Info.plist";
				PRODUCT_NAME = "$(TARGET_NAME)";
				WRAPPER_EXTENSION = app;
			};
			name = Release;
		};
		DE6B7177172220F300E53A23 /* Debug */ = {
			isa = XCBuildConfiguration;
			buildSettings = {
				BUNDLE_LOADER = "$(BUILT_PRODUCTS_DIR)/SFPlaces.app/SFPlaces";
				FRAMEWORK_SEARCH_PATHS = (
					"\"$(SDKROOT)/Developer/Library/Frameworks\"",
					"\"$(DEVELOPER_LIBRARY_DIR)/Frameworks\"",
				);
				GCC_PRECOMPILE_PREFIX_HEADER = YES;
				GCC_PREFIX_HEADER = "SFPlaces/SFPlaces-Prefix.pch";
				INFOPLIST_FILE = "SFPlacesTests/SFPlacesTests-Info.plist";
				PRODUCT_NAME = "$(TARGET_NAME)";
				TEST_HOST = "$(BUNDLE_LOADER)";
				WRAPPER_EXTENSION = octest;
			};
			name = Debug;
		};
		DE6B7178172220F300E53A23 /* Release */ = {
			isa = XCBuildConfiguration;
			buildSettings = {
				BUNDLE_LOADER = "$(BUILT_PRODUCTS_DIR)/SFPlaces.app/SFPlaces";
				FRAMEWORK_SEARCH_PATHS = (
					"\"$(SDKROOT)/Developer/Library/Frameworks\"",
					"\"$(DEVELOPER_LIBRARY_DIR)/Frameworks\"",
				);
				GCC_PRECOMPILE_PREFIX_HEADER = YES;
				GCC_PREFIX_HEADER = "SFPlaces/SFPlaces-Prefix.pch";
				INFOPLIST_FILE = "SFPlacesTests/SFPlacesTests-Info.plist";
				PRODUCT_NAME = "$(TARGET_NAME)";
				TEST_HOST = "$(BUNDLE_LOADER)";
				WRAPPER_EXTENSION = octest;
			};
			name = Release;
		};
/* End XCBuildConfiguration section */

/* Begin XCConfigurationList section */
		DE6B712B172220F200E53A23 /* Build configuration list for PBXProject "SFPlaces" */ = {
			isa = XCConfigurationList;
			buildConfigurations = (
				DE6B7171172220F300E53A23 /* Debug */,
				DE6B7172172220F300E53A23 /* Release */,
			);
			defaultConfigurationIsVisible = 0;
			defaultConfigurationName = Release;
		};
		DE6B7173172220F300E53A23 /* Build configuration list for PBXNativeTarget "SFPlaces" */ = {
			isa = XCConfigurationList;
			buildConfigurations = (
				DE6B7174172220F300E53A23 /* Debug */,
				DE6B7175172220F300E53A23 /* Release */,
			);
			defaultConfigurationIsVisible = 0;
			defaultConfigurationName = Release;
		};
		DE6B7176172220F300E53A23 /* Build configuration list for PBXNativeTarget "SFPlacesTests" */ = {
			isa = XCConfigurationList;
			buildConfigurations = (
				DE6B7177172220F300E53A23 /* Debug */,
				DE6B7178172220F300E53A23 /* Release */,
			);
			defaultConfigurationIsVisible = 0;
			defaultConfigurationName = Release;
		};
/* End XCConfigurationList section */
	};
	rootObject = DE6B7128172220F200E53A23 /* Project object */;
}
